
Microsoft Visual Studio Solution File, Format Version 12.00
# Visual Studio Version 17
VisualStudioVersion = 17.5.33424.131
MinimumVisualStudioVersion = 10.0.40219.1
Project("{FAE04EC0-301F-11D3-BF4B-00C04F79EFBC}") = "EmployeeList.WebApi", "EmployeeList.WebApi\EmployeeList.WebApi.csproj", "{55631983-FDC7-4046-9467-8B977DD69D93}"
EndProject
Global
	GlobalSection(SolutionConfigurationPlatforms) = preSolution
		Debug|Any CPU = Debug|Any CPU
		Release|Any CPU = Release|Any CPU
	EndGlobalSection
	GlobalSection(ProjectConfigurationPlatforms) = postSolution
		{55631983-FDC7-4046-9467-8B977DD69D93}.Debug|Any CPU.ActiveCfg = Debug|Any CPU
		{55631983-FDC7-4046-9467-8B977DD69D93}.Debug|Any CPU.Build.0 = Debug|Any CPU
		{55631983-FDC7-4046-9467-8B977DD69D93}.Release|Any CPU.ActiveCfg = Release|Any CPU
		{55631983-FDC7-4046-9467-8B977DD69D93}.Release|Any CPU.Build.0 = Release|Any CPU
	EndGlobalSection
	GlobalSection(SolutionProperties) = preSolution
		HideSolutionNode = FALSE
	EndGlobalSection
	GlobalSection(ExtensibilityGlobals) = postSolution
		SolutionGuid = {7C6CA827-AEC9-442C-BA08-E58BB059A985}
	EndGlobalSection
EndGlobal
